
Microsoft Visual Studio Solution File, Format Version 11.00
# Visual C++ Express 2010
Project("{8BC9CEB8-8B4A-11D0-8D11-00A0C91BC942}") = "task4_game", "task4_game\task4_game.vcxproj", "{E07028CE-D3BB-47D0-938D-6BD1796CFFF5}"
EndProject
Global
	GlobalSection(SolutionConfigurationPlatforms) = preSolution
		Debug|Win32 = Debug|Win32
		Release|Win32 = Release|Win32
	EndGlobalSection
	GlobalSection(ProjectConfigurationPlatforms) = postSolution
		{E07028CE-D3BB-47D0-938D-6BD1796CFFF5}.Debug|Win32.ActiveCfg = Debug|Win32
		{E07028CE-D3BB-47D0-938D-6BD1796CFFF5}.Debug|Win32.Build.0 = Debug|Win32
		{E07028CE-D3BB-47D0-938D-6BD1796CFFF5}.Release|Win32.ActiveCfg = Release|Win32
		{E07028CE-D3BB-47D0-938D-6BD1796CFFF5}.Release|Win32.Build.0 = Release|Win32
	EndGlobalSection
	GlobalSection(SolutionProperties) = preSolution
		HideSolutionNode = FALSE
	EndGlobalSection
EndGlobal
